
Microsoft Visual Studio Solution File, Format Version 12.00
# Visual Studio Version 17
VisualStudioVersion = 17.0.31903.59
MinimumVisualStudioVersion = 10.0.40219.1
Project("{2150E333-8FDC-42A3-9474-1A3956D46DE8}") = "src", "src", "{F140B71E-04C3-40D2-BB29-85CB46C52284}"
EndProject
Project("{FAE04EC0-301F-11D3-BF4B-00C04F79EFBC}") = "BgApp", "src\BgApp\BgApp.csproj", "{48DE6DE8-86FE-410F-BE1A-4C56719FC379}"
EndProject
Project("{2150E333-8FDC-42A3-9474-1A3956D46DE8}") = "test", "test", "{65ED8DBD-E283-4C08-9935-887C71E135AC}"
EndProject
Project("{FAE04EC0-301F-11D3-BF4B-00C04F79EFBC}") = "BgApp.Tests", "test\BgApp.Tests\BgApp.Tests.csproj", "{047F362F-BD6F-4693-9AE9-EAB02ED03F12}"
EndProject
Global
	GlobalSection(SolutionConfigurationPlatforms) = preSolution
		Debug|Any CPU = Debug|Any CPU
		Release|Any CPU = Release|Any CPU
	EndGlobalSection
	GlobalSection(SolutionProperties) = preSolution
		HideSolutionNode = FALSE
	EndGlobalSection
	GlobalSection(ProjectConfigurationPlatforms) = postSolution
		{48DE6DE8-86FE-410F-BE1A-4C56719FC379}.Debug|Any CPU.ActiveCfg = Debug|Any CPU
		{48DE6DE8-86FE-410F-BE1A-4C56719FC379}.Debug|Any CPU.Build.0 = Debug|Any CPU
		{48DE6DE8-86FE-410F-BE1A-4C56719FC379}.Release|Any CPU.ActiveCfg = Release|Any CPU
		{48DE6DE8-86FE-410F-BE1A-4C56719FC379}.Release|Any CPU.Build.0 = Release|Any CPU
		{047F362F-BD6F-4693-9AE9-EAB02ED03F12}.Debug|Any CPU.ActiveCfg = Debug|Any CPU
		{047F362F-BD6F-4693-9AE9-EAB02ED03F12}.Debug|Any CPU.Build.0 = Debug|Any CPU
		{047F362F-BD6F-4693-9AE9-EAB02ED03F12}.Release|Any CPU.ActiveCfg = Release|Any CPU
		{047F362F-BD6F-4693-9AE9-EAB02ED03F12}.Release|Any CPU.Build.0 = Release|Any CPU
	EndGlobalSection
	GlobalSection(NestedProjects) = preSolution
		{48DE6DE8-86FE-410F-BE1A-4C56719FC379} = {F140B71E-04C3-40D2-BB29-85CB46C52284}
		{047F362F-BD6F-4693-9AE9-EAB02ED03F12} = {65ED8DBD-E283-4C08-9935-887C71E135AC}
	EndGlobalSection
EndGlobal
